
Microsoft Visual Studio Solution File, Format Version 12.00
# Visual Studio Version 16
VisualStudioVersion = 16.0.31911.196
MinimumVisualStudioVersion = 10.0.40219.1
Project("{FAE04EC0-301F-11D3-BF4B-00C04F79EFBC}") = "kursach_1", "kursach_1.csproj", "{B6C4B05E-9BBF-4A42-963E-D6F90AD5FC8C}"
EndProject
Global
	GlobalSection(SolutionConfigurationPlatforms) = preSolution
		Debug|Any CPU = Debug|Any CPU
		Release|Any CPU = Release|Any CPU
	EndGlobalSection
	GlobalSection(ProjectConfigurationPlatforms) = postSolution
		{B6C4B05E-9BBF-4A42-963E-D6F90AD5FC8C}.Debug|Any CPU.ActiveCfg = Debug|Any CPU
		{B6C4B05E-9BBF-4A42-963E-D6F90AD5FC8C}.Debug|Any CPU.Build.0 = Debug|Any CPU
		{B6C4B05E-9BBF-4A42-963E-D6F90AD5FC8C}.Release|Any CPU.ActiveCfg = Release|Any CPU
		{B6C4B05E-9BBF-4A42-963E-D6F90AD5FC8C}.Release|Any CPU.Build.0 = Release|Any CPU
	EndGlobalSection
	GlobalSection(SolutionProperties) = preSolution
		HideSolutionNode = FALSE
	EndGlobalSection
	GlobalSection(ExtensibilityGlobals) = postSolution
		SolutionGuid = {1D5FB3D1-B08C-499A-8A97-910A39E0953B}
	EndGlobalSection
EndGlobal
